// !$*UTF8*$!
{
	archiveVersion = 1;
	classes = {
	};
	objectVersion = 56;
	objects = {

/* Begin PBXBuildFile section */
		8593EE4529A3E6C0000B3168 /* githubpythonApp.swift in Sources */ = {isa = PBXBuildFile; fileRef = 8593EE4429A3E6C0000B3168 /* githubpythonApp.swift */; };
		8593EE4729A3E6C0000B3168 /* ContentView.swift in Sources */ = {isa = PBXBuildFile; fileRef = 8593EE4629A3E6C0000B3168 /* ContentView.swift */; };
		8593EE4929A3E6C1000B3168 /* Assets.xcassets in Resources */ = {isa = PBXBuildFile; fileRef = 8593EE4829A3E6C1000B3168 /* Assets.xcassets */; };
		8593EE4C29A3E6C1000B3168 /* Preview Assets.xcassets in Resources */ = {isa = PBXBuildFile; fileRef = 8593EE4B29A3E6C1000B3168 /* Preview Assets.xcassets */; };
		8593EE5729A3E6C1000B3168 /* githubpythonTests.swift in Sources */ = {isa = PBXBuildFile; fileRef = 8593EE5629A3E6C1000B3168 /* githubpythonTests.swift */; };
		8593EE6129A3E6C1000B3168 /* githubpythonUITests.swift in Sources */ = {isa = PBXBuildFile; fileRef = 8593EE6029A3E6C1000B3168 /* githubpythonUITests.swift */; };
		8593EE6329A3E6C1000B3168 /* githubpythonUITestsLaunchTests.swift in Sources */ = {isa = PBXBuildFile; fileRef = 8593EE6229A3E6C1000B3168 /* githubpythonUITestsLaunchTests.swift */; };
/* End PBXBuildFile section */

/* Begin PBXContainerItemProxy section */
		8593EE5329A3E6C1000B3168 /* PBXContainerItemProxy */ = {
			isa = PBXContainerItemProxy;
			containerPortal = 8593EE3929A3E6C0000B3168 /* Project object */;
			proxyType = 1;
			remoteGlobalIDString = 8593EE4029A3E6C0000B3168;
			remoteInfo = githubpython;
		};
		8593EE5D29A3E6C1000B3168 /* PBXContainerItemProxy */ = {
			isa = PBXContainerItemProxy;
			containerPortal = 8593EE3929A3E6C0000B3168 /* Project object */;
			proxyType = 1;
			remoteGlobalIDString = 8593EE4029A3E6C0000B3168;
			remoteInfo = githubpython;
		};
/* End PBXContainerItemProxy section */

/* Begin PBXFileReference section */
		8593EE4129A3E6C0000B3168 /* githubpython.app */ = {isa = PBXFileReference; explicitFileType = wrapper.application; includeInIndex = 0; path = githubpython.app; sourceTree = BUILT_PRODUCTS_DIR; };
		8593EE4429A3E6C0000B3168 /* githubpythonApp.swift */ = {isa = PBXFileReference; lastKnownFileType = sourcecode.swift; path = githubpythonApp.swift; sourceTree = "<group>"; };
		8593EE4629A3E6C0000B3168 /* ContentView.swift */ = {isa = PBXFileReference; lastKnownFileType = sourcecode.swift; path = ContentView.swift; sourceTree = "<group>"; };
		8593EE4829A3E6C1000B3168 /* Assets.xcassets */ = {isa = PBXFileReference; lastKnownFileType = folder.assetcatalog; path = Assets.xcassets; sourceTree = "<group>"; };
		8593EE4B29A3E6C1000B3168 /* Preview Assets.xcassets */ = {isa = PBXFileReference; lastKnownFileType = folder.assetcatalog; path = "Preview Assets.xcassets"; sourceTree = "<group>"; };
		8593EE4D29A3E6C1000B3168 /* githubpython.entitlements */ = {isa = PBXFileReference; lastKnownFileType = text.plist.entitlements; path = githubpython.entitlements; sourceTree = "<group>"; };
		8593EE5229A3E6C1000B3168 /* githubpythonTests.xctest */ = {isa = PBXFileReference; explicitFileType = wrapper.cfbundle; includeInIndex = 0; path = githubpythonTests.xctest; sourceTree = BUILT_PRODUCTS_DIR; };
		8593EE5629A3E6C1000B3168 /* githubpythonTests.swift */ = {isa = PBXFileReference; lastKnownFileType = sourcecode.swift; path = githubpythonTests.swift; sourceTree = "<group>"; };
		8593EE5C29A3E6C1000B3168 /* githubpythonUITests.xctest */ = {isa = PBXFileReference; explicitFileType = wrapper.cfbundle; includeInIndex = 0; path = githubpythonUITests.xctest; sourceTree = BUILT_PRODUCTS_DIR; };
		8593EE6029A3E6C1000B3168 /* githubpythonUITests.swift */ = {isa = PBXFileReference; lastKnownFileType = sourcecode.swift; path = githubpythonUITests.swift; sourceTree = "<group>"; };
		8593EE6229A3E6C1000B3168 /* githubpythonUITestsLaunchTests.swift */ = {isa = PBXFileReference; lastKnownFileType = sourcecode.swift; path = githubpythonUITestsLaunchTests.swift; sourceTree = "<group>"; };
/* End PBXFileReference section */

/* Begin PBXFrameworksBuildPhase section */
		8593EE3E29A3E6C0000B3168 /* Frameworks */ = {
			isa = PBXFrameworksBuildPhase;
			buildActionMask = 2147483647;
			files = (
			);
			runOnlyForDeploymentPostprocessing = 0;
		};
		8593EE4F29A3E6C1000B3168 /* Frameworks */ = {
			isa = PBXFrameworksBuildPhase;
			buildActionMask = 2147483647;
			files = (
			);
			runOnlyForDeploymentPostprocessing = 0;
		};
		8593EE5929A3E6C1000B3168 /* Frameworks */ = {
			isa = PBXFrameworksBuildPhase;
			buildActionMask = 2147483647;
			files = (
			);
			runOnlyForDeploymentPostprocessing = 0;
		};
/* End PBXFrameworksBuildPhase section */

/* Begin PBXGroup section */
		8593EE3829A3E6C0000B3168 = {
			isa = PBXGroup;
			children = (
				8593EE4329A3E6C0000B3168 /* githubpython */,
				8593EE5529A3E6C1000B3168 /* githubpythonTests */,
				8593EE5F29A3E6C1000B3168 /* githubpythonUITests */,
				8593EE4229A3E6C0000B3168 /* Products */,
			);
			sourceTree = "<group>";
		};
		8593EE4229A3E6C0000B3168 /* Products */ = {
			isa = PBXGroup;
			children = (
				8593EE4129A3E6C0000B3168 /* githubpython.app */,
				8593EE5229A3E6C1000B3168 /* githubpythonTests.xctest */,
				8593EE5C29A3E6C1000B3168 /* githubpythonUITests.xctest */,
			);
			name = Products;
			sourceTree = "<group>";
		};
		8593EE4329A3E6C0000B3168 /* githubpython */ = {
			isa = PBXGroup;
			children = (
				8593EE4429A3E6C0000B3168 /* githubpythonApp.swift */,
				8593EE4629A3E6C0000B3168 /* ContentView.swift */,
				8593EE4829A3E6C1000B3168 /* Assets.xcassets */,
				8593EE4D29A3E6C1000B3168 /* githubpython.entitlements */,
				8593EE4A29A3E6C1000B3168 /* Preview Content */,
			);
			path = githubpython;
			sourceTree = "<group>";
		};
		8593EE4A29A3E6C1000B3168 /* Preview Content */ = {
			isa = PBXGroup;
			children = (
				8593EE4B29A3E6C1000B3168 /* Preview Assets.xcassets */,
			);
			path = "Preview Content";
			sourceTree = "<group>";
		};
		8593EE5529A3E6C1000B3168 /* githubpythonTests */ = {
			isa = PBXGroup;
			children = (
				8593EE5629A3E6C1000B3168 /* githubpythonTests.swift */,
			);
			path = githubpythonTests;
			sourceTree = "<group>";
		};
		8593EE5F29A3E6C1000B3168 /* githubpythonUITests */ = {
			isa = PBXGroup;
			children = (
				8593EE6029A3E6C1000B3168 /* githubpythonUITests.swift */,
				8593EE6229A3E6C1000B3168 /* githubpythonUITestsLaunchTests.swift */,
			);
			path = githubpythonUITests;
			sourceTree = "<group>";
		};
/* End PBXGroup section */

/* Begin PBXNativeTarget section */
		8593EE4029A3E6C0000B3168 /* githubpython */ = {
			isa = PBXNativeTarget;
			buildConfigurationList = 8593EE6629A3E6C1000B3168 /* Build configuration list for PBXNativeTarget "githubpython" */;
			buildPhases = (
				8593EE3D29A3E6C0000B3168 /* Sources */,
				8593EE3E29A3E6C0000B3168 /* Frameworks */,
				8593EE3F29A3E6C0000B3168 /* Resources */,
			);
			buildRules = (
			);
			dependencies = (
			);
			name = githubpython;
			productName = githubpython;
			productReference = 8593EE4129A3E6C0000B3168 /* githubpython.app */;
			productType = "com.apple.product-type.application";
		};
		8593EE5129A3E6C1000B3168 /* githubpythonTests */ = {
			isa = PBXNativeTarget;
			buildConfigurationList = 8593EE6929A3E6C1000B3168 /* Build configuration list for PBXNativeTarget "githubpythonTests" */;
			buildPhases = (
				8593EE4E29A3E6C1000B3168 /* Sources */,
				8593EE4F29A3E6C1000B3168 /* Frameworks */,
				8593EE5029A3E6C1000B3168 /* Resources */,
			);
			buildRules = (
			);
			dependencies = (
				8593EE5429A3E6C1000B3168 /* PBXTargetDependency */,
			);
			name = githubpythonTests;
			productName = githubpythonTests;
			productReference = 8593EE5229A3E6C1000B3168 /* githubpythonTests.xctest */;
			productType = "com.apple.product-type.bundle.unit-test";
		};
		8593EE5B29A3E6C1000B3168 /* githubpythonUITests */ = {
			isa = PBXNativeTarget;
			buildConfigurationList = 8593EE6C29A3E6C1000B3168 /* Build configuration list for PBXNativeTarget "githubpythonUITests" */;
			buildPhases = (
				8593EE5829A3E6C1000B3168 /* Sources */,
				8593EE5929A3E6C1000B3168 /* Frameworks */,
				8593EE5A29A3E6C1000B3168 /* Resources */,
			);
			buildRules = (
			);
			dependencies = (
				8593EE5E29A3E6C1000B3168 /* PBXTargetDependency */,
			);
			name = githubpythonUITests;
			productName = githubpythonUITests;
			productReference = 8593EE5C29A3E6C1000B3168 /* githubpythonUITests.xctest */;
			productType = "com.apple.product-type.bundle.ui-testing";
		};
/* End PBXNativeTarget section */

/* Begin PBXProject section */
		8593EE3929A3E6C0000B3168 /* Project object */ = {
			isa = PBXProject;
			attributes = {
				BuildIndependentTargetsInParallel = 1;
				LastSwiftUpdateCheck = 1420;
				LastUpgradeCheck = 1420;
				TargetAttributes = {
					8593EE4029A3E6C0000B3168 = {
						CreatedOnToolsVersion = 14.2;
					};
					8593EE5129A3E6C1000B3168 = {
						CreatedOnToolsVersion = 14.2;
						TestTargetID = 8593EE4029A3E6C0000B3168;
					};
					8593EE5B29A3E6C1000B3168 = {
						CreatedOnToolsVersion = 14.2;
						TestTargetID = 8593EE4029A3E6C0000B3168;
					};
				};
			};
			buildConfigurationList = 8593EE3C29A3E6C0000B3168 /* Build configuration list for PBXProject "githubpython" */;
			compatibilityVersion = "Xcode 14.0";
			developmentRegion = en;
			hasScannedForEncodings = 0;
			knownRegions = (
				en,
				Base,
			);
			mainGroup = 8593EE3829A3E6C0000B3168;
			productRefGroup = 8593EE4229A3E6C0000B3168 /* Products */;
			projectDirPath = "";
			projectRoot = "";
			targets = (
				8593EE4029A3E6C0000B3168 /* githubpython */,
				8593EE5129A3E6C1000B3168 /* githubpythonTests */,
				8593EE5B29A3E6C1000B3168 /* githubpythonUITests */,
			);
		};
/* End PBXProject section */

/* Begin PBXResourcesBuildPhase section */
		8593EE3F29A3E6C0000B3168 /* Resources */ = {
			isa = PBXResourcesBuildPhase;
			buildActionMask = 2147483647;
			files = (
				8593EE4C29A3E6C1000B3168 /* Preview Assets.xcassets in Resources */,
				8593EE4929A3E6C1000B3168 /* Assets.xcassets in Resources */,
			);
			runOnlyForDeploymentPostprocessing = 0;
		};
		8593EE5029A3E6C1000B3168 /* Resources */ = {
			isa = PBXResourcesBuildPhase;
			buildActionMask = 2147483647;
			files = (
			);
			runOnlyForDeploymentPostprocessing = 0;
		};
		8593EE5A29A3E6C1000B3168 /* Resources */ = {
			isa = PBXResourcesBuildPhase;
			buildActionMask = 2147483647;
			files = (
			);
			runOnlyForDeploymentPostprocessing = 0;
		};
/* End PBXResourcesBuildPhase section */

/* Begin PBXSourcesBuildPhase section */
		8593EE3D29A3E6C0000B3168 /* Sources */ = {
			isa = PBXSourcesBuildPhase;
			buildActionMask = 2147483647;
			files = (
				8593EE4729A3E6C0000B3168 /* ContentView.swift in Sources */,
				8593EE4529A3E6C0000B3168 /* githubpythonApp.swift in Sources */,
			);
			runOnlyForDeploymentPostprocessing = 0;
		};
		8593EE4E29A3E6C1000B3168 /* Sources */ = {
			isa = PBXSourcesBuildPhase;
			buildActionMask = 2147483647;
			files = (
				8593EE5729A3E6C1000B3168 /* githubpythonTests.swift in Sources */,
			);
			runOnlyForDeploymentPostprocessing = 0;
		};
		8593EE5829A3E6C1000B3168 /* Sources */ = {
			isa = PBXSourcesBuildPhase;
			buildActionMask = 2147483647;
			files = (
				8593EE6129A3E6C1000B3168 /* githubpythonUITests.swift in Sources */,
				8593EE6329A3E6C1000B3168 /* githubpythonUITestsLaunchTests.swift in Sources */,
			);
			runOnlyForDeploymentPostprocessing = 0;
		};
/* End PBXSourcesBuildPhase section */

/* Begin PBXTargetDependency section */
		8593EE5429A3E6C1000B3168 /* PBXTargetDependency */ = {
			isa = PBXTargetDependency;
			target = 8593EE4029A3E6C0000B3168 /* githubpython */;
			targetProxy = 8593EE5329A3E6C1000B3168 /* PBXContainerItemProxy */;
		};
		8593EE5E29A3E6C1000B3168 /* PBXTargetDependency */ = {
			isa = PBXTargetDependency;
			target = 8593EE4029A3E6C0000B3168 /* githubpython */;
			targetProxy = 8593EE5D29A3E6C1000B3168 /* PBXContainerItemProxy */;
		};
/* End PBXTargetDependency section */

/* Begin XCBuildConfiguration section */
		8593EE6429A3E6C1000B3168 /* Debug */ = {
			isa = XCBuildConfiguration;
			buildSettings = {
				ALWAYS_SEARCH_USER_PATHS = NO;
				CLANG_ANALYZER_NONNULL = YES;
				CLANG_ANALYZER_NUMBER_OBJECT_CONVERSION = YES_AGGRESSIVE;
				CLANG_CXX_LANGUAGE_STANDARD = "gnu++20";
				CLANG_ENABLE_MODULES = YES;
				CLANG_ENABLE_OBJC_ARC = YES;
				CLANG_ENABLE_OBJC_WEAK = YES;
				CLANG_WARN_BLOCK_CAPTURE_AUTORELEASING = YES;
				CLANG_WARN_BOOL_CONVERSION = YES;
				CLANG_WARN_COMMA = YES;
				CLANG_WARN_CONSTANT_CONVERSION = YES;
				CLANG_WARN_DEPRECATED_OBJC_IMPLEMENTATIONS = YES;
				CLANG_WARN_DIRECT_OBJC_ISA_USAGE = YES_ERROR;
				CLANG_WARN_DOCUMENTATION_COMMENTS = YES;
				CLANG_WARN_EMPTY_BODY = YES;
				CLANG_WARN_ENUM_CONVERSION = YES;
				CLANG_WARN_INFINITE_RECURSION = YES;
				CLANG_WARN_INT_CONVERSION = YES;
				CLANG_WARN_NON_LITERAL_NULL_CONVERSION = YES;
				CLANG_WARN_OBJC_IMPLICIT_RETAIN_SELF = YES;
				CLANG_WARN_OBJC_LITERAL_CONVERSION = YES;
				CLANG_WARN_OBJC_ROOT_CLASS = YES_ERROR;
				CLANG_WARN_QUOTED_INCLUDE_IN_FRAMEWORK_HEADER = YES;
				CLANG_WARN_RANGE_LOOP_ANALYSIS = YES;
				CLANG_WARN_STRICT_PROTOTYPES = YES;
				CLANG_WARN_SUSPICIOUS_MOVE = YES;
				CLANG_WARN_UNGUARDED_AVAILABILITY = YES_AGGRESSIVE;
				CLANG_WARN_UNREACHABLE_CODE = YES;
				CLANG_WARN__DUPLICATE_METHOD_MATCH = YES;
				COPY_PHASE_STRIP = NO;
				DEBUG_INFORMATION_FORMAT = dwarf;
				ENABLE_STRICT_OBJC_MSGSEND = YES;
				ENABLE_TESTABILITY = YES;
				GCC_C_LANGUAGE_STANDARD = gnu11;
				GCC_DYNAMIC_NO_PIC = NO;
				GCC_NO_COMMON_BLOCKS = YES;
				GCC_OPTIMIZATION_LEVEL = 0;
				GCC_PREPROCESSOR_DEFINITIONS = (
					"DEBUG=1",
					"$(inherited)",
				);
				GCC_WARN_64_TO_32_BIT_CONVERSION = YES;
				GCC_WARN_ABOUT_RETURN_TYPE = YES_ERROR;
				GCC_WARN_UNDECLARED_SELECTOR = YES;
				GCC_WARN_UNINITIALIZED_AUTOS = YES_AGGRESSIVE;
				GCC_WARN_UNUSED_FUNCTION = YES;
				GCC_WARN_UNUSED_VARIABLE = YES;
				MACOSX_DEPLOYMENT_TARGET = 13.1;
				MTL_ENABLE_DEBUG_INFO = INCLUDE_SOURCE;
				MTL_FAST_MATH = YES;
				ONLY_ACTIVE_ARCH = YES;
				SDKROOT = macosx;
				SWIFT_ACTIVE_COMPILATION_CONDITIONS = DEBUG;
				SWIFT_OPTIMIZATION_LEVEL = "-Onone";
			};
			name = Debug;
		};
		8593EE6529A3E6C1000B3168 /* Release */ = {
			isa = XCBuildConfiguration;
			buildSettings = {
				ALWAYS_SEARCH_USER_PATHS = NO;
				CLANG_ANALYZER_NONNULL = YES;
				CLANG_ANALYZER_NUMBER_OBJECT_CONVERSION = YES_AGGRESSIVE;
				CLANG_CXX_LANGUAGE_STANDARD = "gnu++20";
				CLANG_ENABLE_MODULES = YES;
				CLANG_ENABLE_OBJC_ARC = YES;
				CLANG_ENABLE_OBJC_WEAK = YES;
				CLANG_WARN_BLOCK_CAPTURE_AUTORELEASING = YES;
				CLANG_WARN_BOOL_CONVERSION = YES;
				CLANG_WARN_COMMA = YES;
				CLANG_WARN_CONSTANT_CONVERSION = YES;
				CLANG_WARN_DEPRECATED_OBJC_IMPLEMENTATIONS = YES;
				CLANG_WARN_DIRECT_OBJC_ISA_USAGE = YES_ERROR;
				CLANG_WARN_DOCUMENTATION_COMMENTS = YES;
				CLANG_WARN_EMPTY_BODY = YES;
				CLANG_WARN_ENUM_CONVERSION = YES;
				CLANG_WARN_INFINITE_RECURSION = YES;
				CLANG_WARN_INT_CONVERSION = YES;
				CLANG_WARN_NON_LITERAL_NULL_CONVERSION = YES;
				CLANG_WARN_OBJC_IMPLICIT_RETAIN_SELF = YES;
				CLANG_WARN_OBJC_LITERAL_CONVERSION = YES;
				CLANG_WARN_OBJC_ROOT_CLASS = YES_ERROR;
				CLANG_WARN_QUOTED_INCLUDE_IN_FRAMEWORK_HEADER = YES;
				CLANG_WARN_RANGE_LOOP_ANALYSIS = YES;
				CLANG_WARN_STRICT_PROTOTYPES = YES;
				CLANG_WARN_SUSPICIOUS_MOVE = YES;
				CLANG_WARN_UNGUARDED_AVAILABILITY = YES_AGGRESSIVE;
				CLANG_WARN_UNREACHABLE_CODE = YES;
				CLANG_WARN__DUPLICATE_METHOD_MATCH = YES;
				COPY_PHASE_STRIP = NO;
				DEBUG_INFORMATION_FORMAT = "dwarf-with-dsym";
				ENABLE_NS_ASSERTIONS = NO;
				ENABLE_STRICT_OBJC_MSGSEND = YES;
				GCC_C_LANGUAGE_STANDARD = gnu11;
				GCC_NO_COMMON_BLOCKS = YES;
				GCC_WARN_64_TO_32_BIT_CONVERSION = YES;
				GCC_WARN_ABOUT_RETURN_TYPE = YES_ERROR;
				GCC_WARN_UNDECLARED_SELECTOR = YES;
				GCC_WARN_UNINITIALIZED_AUTOS = YES_AGGRESSIVE;
				GCC_WARN_UNUSED_FUNCTION = YES;
				GCC_WARN_UNUSED_VARIABLE = YES;
				MACOSX_DEPLOYMENT_TARGET = 13.1;
				MTL_ENABLE_DEBUG_INFO = NO;
				MTL_FAST_MATH = YES;
				SDKROOT = macosx;
				SWIFT_COMPILATION_MODE = wholemodule;
				SWIFT_OPTIMIZATION_LEVEL = "-O";
			};
			name = Release;
		};
		8593EE6729A3E6C1000B3168 /* Debug */ = {
			isa = XCBuildConfiguration;
			buildSettings = {
				ASSETCATALOG_COMPILER_APPICON_NAME = AppIcon;
				ASSETCATALOG_COMPILER_GLOBAL_ACCENT_COLOR_NAME = AccentColor;
				CODE_SIGN_ENTITLEMENTS = githubpython/githubpython.entitlements;
				CODE_SIGN_STYLE = Automatic;
				COMBINE_HIDPI_IMAGES = YES;
				CURRENT_PROJECT_VERSION = 1;
				DEVELOPMENT_ASSET_PATHS = "\"githubpython/Preview Content\"";
				ENABLE_PREVIEWS = YES;
				GENERATE_INFOPLIST_FILE = YES;
				INFOPLIST_KEY_NSHumanReadableCopyright = "";
				LD_RUNPATH_SEARCH_PATHS = (
					"$(inherited)",
					"@executable_path/../Frameworks",
				);
				MARKETING_VERSION = 1.0;
				PRODUCT_BUNDLE_IDENTIFIER = patelharsh.githubpython;
				PRODUCT_NAME = "$(TARGET_NAME)";
				SWIFT_EMIT_LOC_STRINGS = YES;
				SWIFT_VERSION = 5.0;
			};
			name = Debug;
		};
		8593EE6829A3E6C1000B3168 /* Release */ = {
			isa = XCBuildConfiguration;
			buildSettings = {
				ASSETCATALOG_COMPILER_APPICON_NAME = AppIcon;
				ASSETCATALOG_COMPILER_GLOBAL_ACCENT_COLOR_NAME = AccentColor;
				CODE_SIGN_ENTITLEMENTS = githubpython/githubpython.entitlements;
				CODE_SIGN_STYLE = Automatic;
				COMBINE_HIDPI_IMAGES = YES;
				CURRENT_PROJECT_VERSION = 1;
				DEVELOPMENT_ASSET_PATHS = "\"githubpython/Preview Content\"";
				ENABLE_PREVIEWS = YES;
				GENERATE_INFOPLIST_FILE = YES;
				INFOPLIST_KEY_NSHumanReadableCopyright = "";
				LD_RUNPATH_SEARCH_PATHS = (
					"$(inherited)",
					"@executable_path/../Frameworks",
				);
				MARKETING_VERSION = 1.0;
				PRODUCT_BUNDLE_IDENTIFIER = patelharsh.githubpython;
				PRODUCT_NAME = "$(TARGET_NAME)";
				SWIFT_EMIT_LOC_STRINGS = YES;
				SWIFT_VERSION = 5.0;
			};
			name = Release;
		};
		8593EE6A29A3E6C1000B3168 /* Debug */ = {
			isa = XCBuildConfiguration;
			buildSettings = {
				ALWAYS_EMBED_SWIFT_STANDARD_LIBRARIES = YES;
				BUNDLE_LOADER = "$(TEST_HOST)";
				CODE_SIGN_STYLE = Automatic;
				CURRENT_PROJECT_VERSION = 1;
				GENERATE_INFOPLIST_FILE = YES;
				MACOSX_DEPLOYMENT_TARGET = 13.1;
				MARKETING_VERSION = 1.0;
				PRODUCT_BUNDLE_IDENTIFIER = patelharsh.githubpythonTests;
				PRODUCT_NAME = "$(TARGET_NAME)";
				SWIFT_EMIT_LOC_STRINGS = NO;
				SWIFT_VERSION = 5.0;
				TEST_HOST = "$(BUILT_PRODUCTS_DIR)/githubpython.app/$(BUNDLE_EXECUTABLE_FOLDER_PATH)/githubpython";
			};
			name = Debug;
		};
		8593EE6B29A3E6C1000B3168 /* Release */ = {
			isa = XCBuildConfiguration;
			buildSettings = {
				ALWAYS_EMBED_SWIFT_STANDARD_LIBRARIES = YES;
				BUNDLE_LOADER = "$(TEST_HOST)";
				CODE_SIGN_STYLE = Automatic;
				CURRENT_PROJECT_VERSION = 1;
				GENERATE_INFOPLIST_FILE = YES;
				MACOSX_DEPLOYMENT_TARGET = 13.1;
				MARKETING_VERSION = 1.0;
				PRODUCT_BUNDLE_IDENTIFIER = patelharsh.githubpythonTests;
				PRODUCT_NAME = "$(TARGET_NAME)";
				SWIFT_EMIT_LOC_STRINGS = NO;
				SWIFT_VERSION = 5.0;
				TEST_HOST = "$(BUILT_PRODUCTS_DIR)/githubpython.app/$(BUNDLE_EXECUTABLE_FOLDER_PATH)/githubpython";
			};
			name = Release;
		};
		8593EE6D29A3E6C1000B3168 /* Debug */ = {
			isa = XCBuildConfiguration;
			buildSettings = {
				ALWAYS_EMBED_SWIFT_STANDARD_LIBRARIES = YES;
				CODE_SIGN_STYLE = Automatic;
				CURRENT_PROJECT_VERSION = 1;
				GENERATE_INFOPLIST_FILE = YES;
				MARKETING_VERSION = 1.0;
				PRODUCT_BUNDLE_IDENTIFIER = patelharsh.githubpythonUITests;
				PRODUCT_NAME = "$(TARGET_NAME)";
				SWIFT_EMIT_LOC_STRINGS = NO;
				SWIFT_VERSION = 5.0;
				TEST_TARGET_NAME = githubpython;
			};
			name = Debug;
		};
		8593EE6E29A3E6C1000B3168 /* Release */ = {
			isa = XCBuildConfiguration;
			buildSettings = {
				ALWAYS_EMBED_SWIFT_STANDARD_LIBRARIES = YES;
				CODE_SIGN_STYLE = Automatic;
				CURRENT_PROJECT_VERSION = 1;
				GENERATE_INFOPLIST_FILE = YES;
				MARKETING_VERSION = 1.0;
				PRODUCT_BUNDLE_IDENTIFIER = patelharsh.githubpythonUITests;
				PRODUCT_NAME = "$(TARGET_NAME)";
				SWIFT_EMIT_LOC_STRINGS = NO;
				SWIFT_VERSION = 5.0;
				TEST_TARGET_NAME = githubpython;
			};
			name = Release;
		};
/* End XCBuildConfiguration section */

/* Begin XCConfigurationList section */
		8593EE3C29A3E6C0000B3168 /* Build configuration list for PBXProject "githubpython" */ = {
			isa = XCConfigurationList;
			buildConfigurations = (
				8593EE6429A3E6C1000B3168 /* Debug */,
				8593EE6529A3E6C1000B3168 /* Release */,
			);
			defaultConfigurationIsVisible = 0;
			defaultConfigurationName = Release;
		};
		8593EE6629A3E6C1000B3168 /* Build configuration list for PBXNativeTarget "githubpython" */ = {
			isa = XCConfigurationList;
			buildConfigurations = (
				8593EE6729A3E6C1000B3168 /* Debug */,
				8593EE6829A3E6C1000B3168 /* Release */,
			);
			defaultConfigurationIsVisible = 0;
			defaultConfigurationName = Release;
		};
		8593EE6929A3E6C1000B3168 /* Build configuration list for PBXNativeTarget "githubpythonTests" */ = {
			isa = XCConfigurationList;
			buildConfigurations = (
				8593EE6A29A3E6C1000B3168 /* Debug */,
				8593EE6B29A3E6C1000B3168 /* Release */,
			);
			defaultConfigurationIsVisible = 0;
			defaultConfigurationName = Release;
		};
		8593EE6C29A3E6C1000B3168 /* Build configuration list for PBXNativeTarget "githubpythonUITests" */ = {
			isa = XCConfigurationList;
			buildConfigurations = (
				8593EE6D29A3E6C1000B3168 /* Debug */,
				8593EE6E29A3E6C1000B3168 /* Release */,
			);
			defaultConfigurationIsVisible = 0;
			defaultConfigurationName = Release;
		};
/* End XCConfigurationList section */
	};
	rootObject = 8593EE3929A3E6C0000B3168 /* Project object */;
}
